{
  "originHash" : "9a6dc85aeaac3a07f5a6d3b8ff7d6e47ea6a671ff5f98a3f64605b76168cc547",
  "pins" : [
    {
      "identity" : "korolev-biomarker-sdk-swift",
      "kind" : "remoteSourceControl",
      "location" : "https://github.com/YOUTH-Health-Tech-Inc/korolev-biomarker-sdk-swift.git",
      "state" : {
        "branch" : "main",
        "revision" : "9781e199271f52a7a82a6236d0ad6fdf924fd364"
      }
    }
  ],
  "version" : 3
}
